
Microsoft Visual Studio Solution File, Format Version 12.00
# Visual Studio Version 17
VisualStudioVersion = 17.1.32414.318
MinimumVisualStudioVersion = 10.0.40219.1
Project("{FAE04EC0-301F-11D3-BF4B-00C04F79EFBC}") = "AnimeFlix.Business", "src\AnimeFlix.Business\AnimeFlix.Business.csproj", "{588C74FF-25A3-471F-B9C5-78E5896E8F7D}"
EndProject
Project("{FAE04EC0-301F-11D3-BF4B-00C04F79EFBC}") = "AnimeFlix.Data", "src\AnimeFlix.Data\AnimeFlix.Data.csproj", "{5CE2A923-409F-463A-AA70-F47AEA2B3E7A}"
EndProject
Project("{FAE04EC0-301F-11D3-BF4B-00C04F79EFBC}") = "AnimeFlix.App", "src\AnimeFlix.App\AnimeFlix.App.csproj", "{9D5DC176-9132-4482-9E00-A93A098E6457}"
EndProject
Global
	GlobalSection(SolutionConfigurationPlatforms) = preSolution
		Debug|Any CPU = Debug|Any CPU
		Release|Any CPU = Release|Any CPU
	EndGlobalSection
	GlobalSection(ProjectConfigurationPlatforms) = postSolution
		{588C74FF-25A3-471F-B9C5-78E5896E8F7D}.Debug|Any CPU.ActiveCfg = Debug|Any CPU
		{588C74FF-25A3-471F-B9C5-78E5896E8F7D}.Debug|Any CPU.Build.0 = Debug|Any CPU
		{588C74FF-25A3-471F-B9C5-78E5896E8F7D}.Release|Any CPU.ActiveCfg = Release|Any CPU
		{588C74FF-25A3-471F-B9C5-78E5896E8F7D}.Release|Any CPU.Build.0 = Release|Any CPU
		{5CE2A923-409F-463A-AA70-F47AEA2B3E7A}.Debug|Any CPU.ActiveCfg = Debug|Any CPU
		{5CE2A923-409F-463A-AA70-F47AEA2B3E7A}.Debug|Any CPU.Build.0 = Debug|Any CPU
		{5CE2A923-409F-463A-AA70-F47AEA2B3E7A}.Release|Any CPU.ActiveCfg = Release|Any CPU
		{5CE2A923-409F-463A-AA70-F47AEA2B3E7A}.Release|Any CPU.Build.0 = Release|Any CPU
		{9D5DC176-9132-4482-9E00-A93A098E6457}.Debug|Any CPU.ActiveCfg = Debug|Any CPU
		{9D5DC176-9132-4482-9E00-A93A098E6457}.Debug|Any CPU.Build.0 = Debug|Any CPU
		{9D5DC176-9132-4482-9E00-A93A098E6457}.Release|Any CPU.ActiveCfg = Release|Any CPU
		{9D5DC176-9132-4482-9E00-A93A098E6457}.Release|Any CPU.Build.0 = Release|Any CPU
	EndGlobalSection
	GlobalSection(SolutionProperties) = preSolution
		HideSolutionNode = FALSE
	EndGlobalSection
	GlobalSection(ExtensibilityGlobals) = postSolution
		SolutionGuid = {E3027DA0-4BFB-4DBD-BC8E-9CBF925D7053}
	EndGlobalSection
EndGlobal
